
Microsoft Visual Studio Solution File, Format Version 12.00
# Visual Studio Version 17
VisualStudioVersion = 17.5.33627.172
MinimumVisualStudioVersion = 10.0.40219.1
Project("{2150E333-8FDC-42A3-9474-1A3956D46DE8}") = "ApiConsume", "ApiConsume", "{02E0A369-FDB8-4D89-83F8-8D9D0F6D914A}"
EndProject
Project("{2150E333-8FDC-42A3-9474-1A3956D46DE8}") = "Frontend", "Frontend", "{5392EA4F-998E-4B39-BAA9-09E57A5886C6}"
EndProject
Project("{9A19103F-16F7-4668-BE54-9A1E7A4F7556}") = "HotelProject.WebApi", "ApiConsume\HotelProject.WebApi\HotelProject.WebApi.csproj", "{982FD9E8-266D-4875-96A3-E52B024CEE26}"
EndProject
Project("{9A19103F-16F7-4668-BE54-9A1E7A4F7556}") = "HotelProject.EntityLayer", "ApiConsume\HotelProject.EntityLayer\HotelProject.EntityLayer.csproj", "{845778F4-4C91-4FA5-8CC5-6848DFC12ED2}"
EndProject
Project("{9A19103F-16F7-4668-BE54-9A1E7A4F7556}") = "HotelProject.DataAccessLayer", "ApiConsume\HotelProject.DataAccessLayer\HotelProject.DataAccessLayer.csproj", "{D1F678AB-ABCF-43C8-A8C1-BBF9EDC0536F}"
EndProject
Project("{9A19103F-16F7-4668-BE54-9A1E7A4F7556}") = "HotelProject.BusinessLayer", "ApiConsume\HotelProject.BusinessLayer\HotelProject.BusinessLayer.csproj", "{9AE54AFD-AAEE-42CD-973E-9080A1D2F0AE}"
EndProject
Project("{9A19103F-16F7-4668-BE54-9A1E7A4F7556}") = "HotelProject.DtoLayer", "ApiConsume\HotelProject.DtoLayer\HotelProject.DtoLayer.csproj", "{8048B3AA-A309-4866-B925-791A6265FECA}"
EndProject
Project("{9A19103F-16F7-4668-BE54-9A1E7A4F7556}") = "HotelProject.WebUI", "Frontend\HotelProject.WebUI\HotelProject.WebUI.csproj", "{03CBB3BC-A6AC-465B-8102-11C6FA9F9458}"
EndProject
Project("{2150E333-8FDC-42A3-9474-1A3956D46DE8}") = "RapidApi", "RapidApi", "{030526FD-08DF-42FD-925E-EE8AFEE91A6D}"
EndProject
Project("{9A19103F-16F7-4668-BE54-9A1E7A4F7556}") = "RapidApiConsume", "RapidApi\RapidApiConsume\RapidApiConsume.csproj", "{B8D42C5C-2BF8-4D70-B1E4-108EC45C1366}"
EndProject
Project("{2150E333-8FDC-42A3-9474-1A3956D46DE8}") = "JwtProject", "JwtProject", "{A5A82F51-C131-4FE2-B059-C2AB79F0BE51}"
EndProject
Project("{9A19103F-16F7-4668-BE54-9A1E7A4F7556}") = "WebApiJwt", "JwtProject\WebApiJwt\WebApiJwt.csproj", "{76F8B33C-24E1-43FD-A447-EA80CB60C63B}"
EndProject
Global
	GlobalSection(SolutionConfigurationPlatforms) = preSolution
		Debug|Any CPU = Debug|Any CPU
		Release|Any CPU = Release|Any CPU
	EndGlobalSection
	GlobalSection(ProjectConfigurationPlatforms) = postSolution
		{982FD9E8-266D-4875-96A3-E52B024CEE26}.Debug|Any CPU.ActiveCfg = Debug|Any CPU
		{982FD9E8-266D-4875-96A3-E52B024CEE26}.Debug|Any CPU.Build.0 = Debug|Any CPU
		{982FD9E8-266D-4875-96A3-E52B024CEE26}.Release|Any CPU.ActiveCfg = Release|Any CPU
		{982FD9E8-266D-4875-96A3-E52B024CEE26}.Release|Any CPU.Build.0 = Release|Any CPU
		{845778F4-4C91-4FA5-8CC5-6848DFC12ED2}.Debug|Any CPU.ActiveCfg = Debug|Any CPU
		{845778F4-4C91-4FA5-8CC5-6848DFC12ED2}.Debug|Any CPU.Build.0 = Debug|Any CPU
		{845778F4-4C91-4FA5-8CC5-6848DFC12ED2}.Release|Any CPU.ActiveCfg = Release|Any CPU
		{845778F4-4C91-4FA5-8CC5-6848DFC12ED2}.Release|Any CPU.Build.0 = Release|Any CPU
		{D1F678AB-ABCF-43C8-A8C1-BBF9EDC0536F}.Debug|Any CPU.ActiveCfg = Debug|Any CPU
		{D1F678AB-ABCF-43C8-A8C1-BBF9EDC0536F}.Debug|Any CPU.Build.0 = Debug|Any CPU
		{D1F678AB-ABCF-43C8-A8C1-BBF9EDC0536F}.Release|Any CPU.ActiveCfg = Release|Any CPU
		{D1F678AB-ABCF-43C8-A8C1-BBF9EDC0536F}.Release|Any CPU.Build.0 = Release|Any CPU
		{9AE54AFD-AAEE-42CD-973E-9080A1D2F0AE}.Debug|Any CPU.ActiveCfg = Debug|Any CPU
		{9AE54AFD-AAEE-42CD-973E-9080A1D2F0AE}.Debug|Any CPU.Build.0 = Debug|Any CPU
		{9AE54AFD-AAEE-42CD-973E-9080A1D2F0AE}.Release|Any CPU.ActiveCfg = Release|Any CPU
		{9AE54AFD-AAEE-42CD-973E-9080A1D2F0AE}.Release|Any CPU.Build.0 = Release|Any CPU
		{8048B3AA-A309-4866-B925-791A6265FECA}.Debug|Any CPU.ActiveCfg = Debug|Any CPU
		{8048B3AA-A309-4866-B925-791A6265FECA}.Debug|Any CPU.Build.0 = Debug|Any CPU
		{8048B3AA-A309-4866-B925-791A6265FECA}.Release|Any CPU.ActiveCfg = Release|Any CPU
		{8048B3AA-A309-4866-B925-791A6265FECA}.Release|Any CPU.Build.0 = Release|Any CPU
		{03CBB3BC-A6AC-465B-8102-11C6FA9F9458}.Debug|Any CPU.ActiveCfg = Debug|Any CPU
		{03CBB3BC-A6AC-465B-8102-11C6FA9F9458}.Debug|Any CPU.Build.0 = Debug|Any CPU
		{03CBB3BC-A6AC-465B-8102-11C6FA9F9458}.Release|Any CPU.ActiveCfg = Release|Any CPU
		{03CBB3BC-A6AC-465B-8102-11C6FA9F9458}.Release|Any CPU.Build.0 = Release|Any CPU
		{B8D42C5C-2BF8-4D70-B1E4-108EC45C1366}.Debug|Any CPU.ActiveCfg = Debug|Any CPU
		{B8D42C5C-2BF8-4D70-B1E4-108EC45C1366}.Debug|Any CPU.Build.0 = Debug|Any CPU
		{B8D42C5C-2BF8-4D70-B1E4-108EC45C1366}.Release|Any CPU.ActiveCfg = Release|Any CPU
		{B8D42C5C-2BF8-4D70-B1E4-108EC45C1366}.Release|Any CPU.Build.0 = Release|Any CPU
		{76F8B33C-24E1-43FD-A447-EA80CB60C63B}.Debug|Any CPU.ActiveCfg = Debug|Any CPU
		{76F8B33C-24E1-43FD-A447-EA80CB60C63B}.Debug|Any CPU.Build.0 = Debug|Any CPU
		{76F8B33C-24E1-43FD-A447-EA80CB60C63B}.Release|Any CPU.ActiveCfg = Release|Any CPU
		{76F8B33C-24E1-43FD-A447-EA80CB60C63B}.Release|Any CPU.Build.0 = Release|Any CPU
	EndGlobalSection
	GlobalSection(SolutionProperties) = preSolution
		HideSolutionNode = FALSE
	EndGlobalSection
	GlobalSection(NestedProjects) = preSolution
		{982FD9E8-266D-4875-96A3-E52B024CEE26} = {02E0A369-FDB8-4D89-83F8-8D9D0F6D914A}
		{845778F4-4C91-4FA5-8CC5-6848DFC12ED2} = {02E0A369-FDB8-4D89-83F8-8D9D0F6D914A}
		{D1F678AB-ABCF-43C8-A8C1-BBF9EDC0536F} = {02E0A369-FDB8-4D89-83F8-8D9D0F6D914A}
		{9AE54AFD-AAEE-42CD-973E-9080A1D2F0AE} = {02E0A369-FDB8-4D89-83F8-8D9D0F6D914A}
		{8048B3AA-A309-4866-B925-791A6265FECA} = {02E0A369-FDB8-4D89-83F8-8D9D0F6D914A}
		{03CBB3BC-A6AC-465B-8102-11C6FA9F9458} = {5392EA4F-998E-4B39-BAA9-09E57A5886C6}
		{B8D42C5C-2BF8-4D70-B1E4-108EC45C1366} = {030526FD-08DF-42FD-925E-EE8AFEE91A6D}
		{76F8B33C-24E1-43FD-A447-EA80CB60C63B} = {A5A82F51-C131-4FE2-B059-C2AB79F0BE51}
	EndGlobalSection
	GlobalSection(ExtensibilityGlobals) = postSolution
		SolutionGuid = {5917114E-1659-48BD-A2D2-A02CC23F6D19}
	EndGlobalSection
EndGlobal
